// !$*UTF8*$!
{
	archiveVersion = 1;
	classes = {
	};
	objectVersion = 77;
	objects = {

/* Begin PBXBuildFile section */
		4B849E9C2D0615C200BABFC1 /* ContentView.swift in Sources */ = {isa = PBXBuildFile; fileRef = 4B849E992D0615C200BABFC1 /* ContentView.swift */; };
		4B849E9D2D0615C200BABFC1 /* FructusApp.swift in Sources */ = {isa = PBXBuildFile; fileRef = 4B849E9A2D0615C200BABFC1 /* FructusApp.swift */; };
		4B849E9E2D0615C200BABFC1 /* Preview Assets.xcassets in Resources */ = {isa = PBXBuildFile; fileRef = 4B849E962D0615C200BABFC1 /* Preview Assets.xcassets */; };
		4B849E9F2D0615C200BABFC1 /* Assets.xcassets in Resources */ = {isa = PBXBuildFile; fileRef = 4B849E982D0615C200BABFC1 /* Assets.xcassets */; };
		4B849EA32D061ADB00BABFC1 /* FruitCardView.swift in Sources */ = {isa = PBXBuildFile; fileRef = 4B849EA22D061ADB00BABFC1 /* FruitCardView.swift */; };
		4B849EA52D076CCD00BABFC1 /* StartButtonView.swift in Sources */ = {isa = PBXBuildFile; fileRef = 4B849EA42D076CCD00BABFC1 /* StartButtonView.swift */; };
		4B849EA72D088F5000BABFC1 /* OnboardingView.swift in Sources */ = {isa = PBXBuildFile; fileRef = 4B849EA62D088F5000BABFC1 /* OnboardingView.swift */; };
		4B849EAA2D08917900BABFC1 /* FruitsModel.swift in Sources */ = {isa = PBXBuildFile; fileRef = 4B849EA92D08917900BABFC1 /* FruitsModel.swift */; };
		4B849EAD2D08925E00BABFC1 /* FruitData.swift in Sources */ = {isa = PBXBuildFile; fileRef = 4B849EAC2D08925E00BABFC1 /* FruitData.swift */; };
		4B849EAF2D089C4600BABFC1 /* FruitRowView.swift in Sources */ = {isa = PBXBuildFile; fileRef = 4B849EAE2D089C4600BABFC1 /* FruitRowView.swift */; };
		4B849EB12D08A79400BABFC1 /* FruitDetailView.swift in Sources */ = {isa = PBXBuildFile; fileRef = 4B849EB02D08A79400BABFC1 /* FruitDetailView.swift */; };
		4B849EB32D08AB3500BABFC1 /* FruitHeaderView.swift in Sources */ = {isa = PBXBuildFile; fileRef = 4B849EB22D08AB3500BABFC1 /* FruitHeaderView.swift */; };
		4B849EB52D08ADEE00BABFC1 /* SourceLinkView.swift in Sources */ = {isa = PBXBuildFile; fileRef = 4B849EB42D08ADEE00BABFC1 /* SourceLinkView.swift */; };
		4B849EB72D0B2B3F00BABFC1 /* FruitNutrientsView.swift in Sources */ = {isa = PBXBuildFile; fileRef = 4B849EB62D0B2B3F00BABFC1 /* FruitNutrientsView.swift */; };
		4B849EB92D0B2F7700BABFC1 /* SettingsView.swift in Sources */ = {isa = PBXBuildFile; fileRef = 4B849EB82D0B2F7700BABFC1 /* SettingsView.swift */; };
		4B849EBB2D0B340400BABFC1 /* SettingsLabelView.swift in Sources */ = {isa = PBXBuildFile; fileRef = 4B849EBA2D0B340400BABFC1 /* SettingsLabelView.swift */; };
/* End PBXBuildFile section */

/* Begin PBXFileReference section */
		4B849E852D06152200BABFC1 /* Fructus.app */ = {isa = PBXFileReference; explicitFileType = wrapper.application; includeInIndex = 0; path = Fructus.app; sourceTree = BUILT_PRODUCTS_DIR; };
		4B849E962D0615C200BABFC1 /* Preview Assets.xcassets */ = {isa = PBXFileReference; lastKnownFileType = folder.assetcatalog; path = "Preview Assets.xcassets"; sourceTree = "<group>"; };
		4B849E982D0615C200BABFC1 /* Assets.xcassets */ = {isa = PBXFileReference; lastKnownFileType = folder.assetcatalog; path = Assets.xcassets; sourceTree = "<group>"; };
		4B849E992D0615C200BABFC1 /* ContentView.swift */ = {isa = PBXFileReference; lastKnownFileType = sourcecode.swift; path = ContentView.swift; sourceTree = "<group>"; };
		4B849E9A2D0615C200BABFC1 /* FructusApp.swift */ = {isa = PBXFileReference; lastKnownFileType = sourcecode.swift; path = FructusApp.swift; sourceTree = "<group>"; };
		4B849EA22D061ADB00BABFC1 /* FruitCardView.swift */ = {isa = PBXFileReference; lastKnownFileType = sourcecode.swift; path = FruitCardView.swift; sourceTree = "<group>"; };
		4B849EA42D076CCD00BABFC1 /* StartButtonView.swift */ = {isa = PBXFileReference; lastKnownFileType = sourcecode.swift; path = StartButtonView.swift; sourceTree = "<group>"; };
		4B849EA62D088F5000BABFC1 /* OnboardingView.swift */ = {isa = PBXFileReference; lastKnownFileType = sourcecode.swift; path = OnboardingView.swift; sourceTree = "<group>"; };
		4B849EA92D08917900BABFC1 /* FruitsModel.swift */ = {isa = PBXFileReference; lastKnownFileType = sourcecode.swift; path = FruitsModel.swift; sourceTree = "<group>"; };
		4B849EAC2D08925E00BABFC1 /* FruitData.swift */ = {isa = PBXFileReference; lastKnownFileType = sourcecode.swift; path = FruitData.swift; sourceTree = "<group>"; };
		4B849EAE2D089C4600BABFC1 /* FruitRowView.swift */ = {isa = PBXFileReference; lastKnownFileType = sourcecode.swift; path = FruitRowView.swift; sourceTree = "<group>"; };
		4B849EB02D08A79400BABFC1 /* FruitDetailView.swift */ = {isa = PBXFileReference; lastKnownFileType = sourcecode.swift; path = FruitDetailView.swift; sourceTree = "<group>"; };
		4B849EB22D08AB3500BABFC1 /* FruitHeaderView.swift */ = {isa = PBXFileReference; lastKnownFileType = sourcecode.swift; path = FruitHeaderView.swift; sourceTree = "<group>"; };
		4B849EB42D08ADEE00BABFC1 /* SourceLinkView.swift */ = {isa = PBXFileReference; lastKnownFileType = sourcecode.swift; path = SourceLinkView.swift; sourceTree = "<group>"; };
		4B849EB62D0B2B3F00BABFC1 /* FruitNutrientsView.swift */ = {isa = PBXFileReference; lastKnownFileType = sourcecode.swift; path = FruitNutrientsView.swift; sourceTree = "<group>"; };
		4B849EB82D0B2F7700BABFC1 /* SettingsView.swift */ = {isa = PBXFileReference; lastKnownFileType = sourcecode.swift; path = SettingsView.swift; sourceTree = "<group>"; };
		4B849EBA2D0B340400BABFC1 /* SettingsLabelView.swift */ = {isa = PBXFileReference; lastKnownFileType = sourcecode.swift; path = SettingsLabelView.swift; sourceTree = "<group>"; };
/* End PBXFileReference section */

/* Begin PBXFrameworksBuildPhase section */
		4B849E822D06152200BABFC1 /* Frameworks */ = {
			isa = PBXFrameworksBuildPhase;
			buildActionMask = 2147483647;
			files = (
			);
			runOnlyForDeploymentPostprocessing = 0;
		};
/* End PBXFrameworksBuildPhase section */

/* Begin PBXGroup section */
		4B849E7C2D06152200BABFC1 = {
			isa = PBXGroup;
			children = (
				4B849E9B2D0615C200BABFC1 /* Fructus */,
				4B849E862D06152200BABFC1 /* Products */,
			);
			sourceTree = "<group>";
		};
		4B849E862D06152200BABFC1 /* Products */ = {
			isa = PBXGroup;
			children = (
				4B849E852D06152200BABFC1 /* Fructus.app */,
			);
			name = Products;
			sourceTree = "<group>";
		};
		4B849E972D0615C200BABFC1 /* Preview Content */ = {
			isa = PBXGroup;
			children = (
				4B849E962D0615C200BABFC1 /* Preview Assets.xcassets */,
			);
			path = "Preview Content";
			sourceTree = "<group>";
		};
		4B849E9B2D0615C200BABFC1 /* Fructus */ = {
			isa = PBXGroup;
			children = (
				4B849EAB2D08924A00BABFC1 /* Data */,
				4B849EA82D08916300BABFC1 /* Model */,
				4B849EA02D061A8200BABFC1 /* App */,
				4B849EA12D061AAD00BABFC1 /* View */,
				4B849E972D0615C200BABFC1 /* Preview Content */,
				4B849E982D0615C200BABFC1 /* Assets.xcassets */,
			);
			path = Fructus;
			sourceTree = "<group>";
		};
		4B849EA02D061A8200BABFC1 /* App */ = {
			isa = PBXGroup;
			children = (
				4B849E9A2D0615C200BABFC1 /* FructusApp.swift */,
				4B849E992D0615C200BABFC1 /* ContentView.swift */,
				4B849EA62D088F5000BABFC1 /* OnboardingView.swift */,
				4B849EB02D08A79400BABFC1 /* FruitDetailView.swift */,
				4B849EB82D0B2F7700BABFC1 /* SettingsView.swift */,
			);
			path = App;
			sourceTree = "<group>";
		};
		4B849EA12D061AAD00BABFC1 /* View */ = {
			isa = PBXGroup;
			children = (
				4B849EA22D061ADB00BABFC1 /* FruitCardView.swift */,
				4B849EA42D076CCD00BABFC1 /* StartButtonView.swift */,
				4B849EAE2D089C4600BABFC1 /* FruitRowView.swift */,
				4B849EB22D08AB3500BABFC1 /* FruitHeaderView.swift */,
				4B849EB42D08ADEE00BABFC1 /* SourceLinkView.swift */,
				4B849EB62D0B2B3F00BABFC1 /* FruitNutrientsView.swift */,
				4B849EBA2D0B340400BABFC1 /* SettingsLabelView.swift */,
			);
			path = View;
			sourceTree = "<group>";
		};
		4B849EA82D08916300BABFC1 /* Model */ = {
			isa = PBXGroup;
			children = (
				4B849EA92D08917900BABFC1 /* FruitsModel.swift */,
			);
			path = Model;
			sourceTree = "<group>";
		};
		4B849EAB2D08924A00BABFC1 /* Data */ = {
			isa = PBXGroup;
			children = (
				4B849EAC2D08925E00BABFC1 /* FruitData.swift */,
			);
			path = Data;
			sourceTree = "<group>";
		};
/* End PBXGroup section */

/* Begin PBXNativeTarget section */
		4B849E842D06152200BABFC1 /* Fructus */ = {
			isa = PBXNativeTarget;
			buildConfigurationList = 4B849E932D06152400BABFC1 /* Build configuration list for PBXNativeTarget "Fructus" */;
			buildPhases = (
				4B849E812D06152200BABFC1 /* Sources */,
				4B849E822D06152200BABFC1 /* Frameworks */,
				4B849E832D06152200BABFC1 /* Resources */,
			);
			buildRules = (
			);
			dependencies = (
			);
			name = Fructus;
			packageProductDependencies = (
			);
			productName = Fructus;
			productReference = 4B849E852D06152200BABFC1 /* Fructus.app */;
			productType = "com.apple.product-type.application";
		};
/* End PBXNativeTarget section */

/* Begin PBXProject section */
		4B849E7D2D06152200BABFC1 /* Project object */ = {
			isa = PBXProject;
			attributes = {
				BuildIndependentTargetsInParallel = 1;
				LastSwiftUpdateCheck = 1610;
				LastUpgradeCheck = 1610;
				TargetAttributes = {
					4B849E842D06152200BABFC1 = {
						CreatedOnToolsVersion = 16.1;
					};
				};
			};
			buildConfigurationList = 4B849E802D06152200BABFC1 /* Build configuration list for PBXProject "Fructus" */;
			developmentRegion = en;
			hasScannedForEncodings = 0;
			knownRegions = (
				en,
				Base,
			);
			mainGroup = 4B849E7C2D06152200BABFC1;
			minimizedProjectReferenceProxies = 1;
			preferredProjectObjectVersion = 77;
			productRefGroup = 4B849E862D06152200BABFC1 /* Products */;
			projectDirPath = "";
			projectRoot = "";
			targets = (
				4B849E842D06152200BABFC1 /* Fructus */,
			);
		};
/* End PBXProject section */

/* Begin PBXResourcesBuildPhase section */
		4B849E832D06152200BABFC1 /* Resources */ = {
			isa = PBXResourcesBuildPhase;
			buildActionMask = 2147483647;
			files = (
				4B849E9E2D0615C200BABFC1 /* Preview Assets.xcassets in Resources */,
				4B849E9F2D0615C200BABFC1 /* Assets.xcassets in Resources */,
			);
			runOnlyForDeploymentPostprocessing = 0;
		};
/* End PBXResourcesBuildPhase section */

/* Begin PBXSourcesBuildPhase section */
		4B849E812D06152200BABFC1 /* Sources */ = {
			isa = PBXSourcesBuildPhase;
			buildActionMask = 2147483647;
			files = (
				4B849EAD2D08925E00BABFC1 /* FruitData.swift in Sources */,
				4B849EB52D08ADEE00BABFC1 /* SourceLinkView.swift in Sources */,
				4B849EA32D061ADB00BABFC1 /* FruitCardView.swift in Sources */,
				4B849EAF2D089C4600BABFC1 /* FruitRowView.swift in Sources */,
				4B849EB72D0B2B3F00BABFC1 /* FruitNutrientsView.swift in Sources */,
				4B849EA52D076CCD00BABFC1 /* StartButtonView.swift in Sources */,
				4B849EB12D08A79400BABFC1 /* FruitDetailView.swift in Sources */,
				4B849EAA2D08917900BABFC1 /* FruitsModel.swift in Sources */,
				4B849EB32D08AB3500BABFC1 /* FruitHeaderView.swift in Sources */,
				4B849E9C2D0615C200BABFC1 /* ContentView.swift in Sources */,
				4B849EBB2D0B340400BABFC1 /* SettingsLabelView.swift in Sources */,
				4B849EA72D088F5000BABFC1 /* OnboardingView.swift in Sources */,
				4B849E9D2D0615C200BABFC1 /* FructusApp.swift in Sources */,
				4B849EB92D0B2F7700BABFC1 /* SettingsView.swift in Sources */,
			);
			runOnlyForDeploymentPostprocessing = 0;
		};
/* End PBXSourcesBuildPhase section */

/* Begin XCBuildConfiguration section */
		4B849E912D06152400BABFC1 /* Debug */ = {
			isa = XCBuildConfiguration;
			buildSettings = {
				ALWAYS_SEARCH_USER_PATHS = NO;
				ASSETCATALOG_COMPILER_GENERATE_SWIFT_ASSET_SYMBOL_EXTENSIONS = YES;
				CLANG_ANALYZER_NONNULL = YES;
				CLANG_ANALYZER_NUMBER_OBJECT_CONVERSION = YES_AGGRESSIVE;
				CLANG_CXX_LANGUAGE_STANDARD = "gnu++20";
				CLANG_ENABLE_MODULES = YES;
				CLANG_ENABLE_OBJC_ARC = YES;
				CLANG_ENABLE_OBJC_WEAK = YES;
				CLANG_WARN_BLOCK_CAPTURE_AUTORELEASING = YES;
				CLANG_WARN_BOOL_CONVERSION = YES;
				CLANG_WARN_COMMA = YES;
				CLANG_WARN_CONSTANT_CONVERSION = YES;
				CLANG_WARN_DEPRECATED_OBJC_IMPLEMENTATIONS = YES;
				CLANG_WARN_DIRECT_OBJC_ISA_USAGE = YES_ERROR;
				CLANG_WARN_DOCUMENTATION_COMMENTS = YES;
				CLANG_WARN_EMPTY_BODY = YES;
				CLANG_WARN_ENUM_CONVERSION = YES;
				CLANG_WARN_INFINITE_RECURSION = YES;
				CLANG_WARN_INT_CONVERSION = YES;
				CLANG_WARN_NON_LITERAL_NULL_CONVERSION = YES;
				CLANG_WARN_OBJC_IMPLICIT_RETAIN_SELF = YES;
				CLANG_WARN_OBJC_LITERAL_CONVERSION = YES;
				CLANG_WARN_OBJC_ROOT_CLASS = YES_ERROR;
				CLANG_WARN_QUOTED_INCLUDE_IN_FRAMEWORK_HEADER = YES;
				CLANG_WARN_RANGE_LOOP_ANALYSIS = YES;
				CLANG_WARN_STRICT_PROTOTYPES = YES;
				CLANG_WARN_SUSPICIOUS_MOVE = YES;
				CLANG_WARN_UNGUARDED_AVAILABILITY = YES_AGGRESSIVE;
				CLANG_WARN_UNREACHABLE_CODE = YES;
				CLANG_WARN__DUPLICATE_METHOD_MATCH = YES;
				COPY_PHASE_STRIP = NO;
				DEBUG_INFORMATION_FORMAT = dwarf;
				ENABLE_STRICT_OBJC_MSGSEND = YES;
				ENABLE_TESTABILITY = YES;
				ENABLE_USER_SCRIPT_SANDBOXING = YES;
				GCC_C_LANGUAGE_STANDARD = gnu17;
				GCC_DYNAMIC_NO_PIC = NO;
				GCC_NO_COMMON_BLOCKS = YES;
				GCC_OPTIMIZATION_LEVEL = 0;
				GCC_PREPROCESSOR_DEFINITIONS = (
					"DEBUG=1",
					"$(inherited)",
				);
				GCC_WARN_64_TO_32_BIT_CONVERSION = YES;
				GCC_WARN_ABOUT_RETURN_TYPE = YES_ERROR;
				GCC_WARN_UNDECLARED_SELECTOR = YES;
				GCC_WARN_UNINITIALIZED_AUTOS = YES_AGGRESSIVE;
				GCC_WARN_UNUSED_FUNCTION = YES;
				GCC_WARN_UNUSED_VARIABLE = YES;
				IPHONEOS_DEPLOYMENT_TARGET = 18.1;
				LOCALIZATION_PREFERS_STRING_CATALOGS = YES;
				MTL_ENABLE_DEBUG_INFO = INCLUDE_SOURCE;
				MTL_FAST_MATH = YES;
				ONLY_ACTIVE_ARCH = YES;
				SDKROOT = iphoneos;
				SWIFT_ACTIVE_COMPILATION_CONDITIONS = "DEBUG $(inherited)";
				SWIFT_OPTIMIZATION_LEVEL = "-Onone";
			};
			name = Debug;
		};
		4B849E922D06152400BABFC1 /* Release */ = {
			isa = XCBuildConfiguration;
			buildSettings = {
				ALWAYS_SEARCH_USER_PATHS = NO;
				ASSETCATALOG_COMPILER_GENERATE_SWIFT_ASSET_SYMBOL_EXTENSIONS = YES;
				CLANG_ANALYZER_NONNULL = YES;
				CLANG_ANALYZER_NUMBER_OBJECT_CONVERSION = YES_AGGRESSIVE;
				CLANG_CXX_LANGUAGE_STANDARD = "gnu++20";
				CLANG_ENABLE_MODULES = YES;
				CLANG_ENABLE_OBJC_ARC = YES;
				CLANG_ENABLE_OBJC_WEAK = YES;
				CLANG_WARN_BLOCK_CAPTURE_AUTORELEASING = YES;
				CLANG_WARN_BOOL_CONVERSION = YES;
				CLANG_WARN_COMMA = YES;
				CLANG_WARN_CONSTANT_CONVERSION = YES;
				CLANG_WARN_DEPRECATED_OBJC_IMPLEMENTATIONS = YES;
				CLANG_WARN_DIRECT_OBJC_ISA_USAGE = YES_ERROR;
				CLANG_WARN_DOCUMENTATION_COMMENTS = YES;
				CLANG_WARN_EMPTY_BODY = YES;
				CLANG_WARN_ENUM_CONVERSION = YES;
				CLANG_WARN_INFINITE_RECURSION = YES;
				CLANG_WARN_INT_CONVERSION = YES;
				CLANG_WARN_NON_LITERAL_NULL_CONVERSION = YES;
				CLANG_WARN_OBJC_IMPLICIT_RETAIN_SELF = YES;
				CLANG_WARN_OBJC_LITERAL_CONVERSION = YES;
				CLANG_WARN_OBJC_ROOT_CLASS = YES_ERROR;
				CLANG_WARN_QUOTED_INCLUDE_IN_FRAMEWORK_HEADER = YES;
				CLANG_WARN_RANGE_LOOP_ANALYSIS = YES;
				CLANG_WARN_STRICT_PROTOTYPES = YES;
				CLANG_WARN_SUSPICIOUS_MOVE = YES;
				CLANG_WARN_UNGUARDED_AVAILABILITY = YES_AGGRESSIVE;
				CLANG_WARN_UNREACHABLE_CODE = YES;
				CLANG_WARN__DUPLICATE_METHOD_MATCH = YES;
				COPY_PHASE_STRIP = NO;
				DEBUG_INFORMATION_FORMAT = "dwarf-with-dsym";
				ENABLE_NS_ASSERTIONS = NO;
				ENABLE_STRICT_OBJC_MSGSEND = YES;
				ENABLE_USER_SCRIPT_SANDBOXING = YES;
				GCC_C_LANGUAGE_STANDARD = gnu17;
				GCC_NO_COMMON_BLOCKS = YES;
				GCC_WARN_64_TO_32_BIT_CONVERSION = YES;
				GCC_WARN_ABOUT_RETURN_TYPE = YES_ERROR;
				GCC_WARN_UNDECLARED_SELECTOR = YES;
				GCC_WARN_UNINITIALIZED_AUTOS = YES_AGGRESSIVE;
				GCC_WARN_UNUSED_FUNCTION = YES;
				GCC_WARN_UNUSED_VARIABLE = YES;
				IPHONEOS_DEPLOYMENT_TARGET = 18.1;
				LOCALIZATION_PREFERS_STRING_CATALOGS = YES;
				MTL_ENABLE_DEBUG_INFO = NO;
				MTL_FAST_MATH = YES;
				SDKROOT = iphoneos;
				SWIFT_COMPILATION_MODE = wholemodule;
				VALIDATE_PRODUCT = YES;
			};
			name = Release;
		};
		4B849E942D06152400BABFC1 /* Debug */ = {
			isa = XCBuildConfiguration;
			buildSettings = {
				ASSETCATALOG_COMPILER_APPICON_NAME = AppIcon;
				ASSETCATALOG_COMPILER_GLOBAL_ACCENT_COLOR_NAME = AccentColor;
				CODE_SIGN_STYLE = Automatic;
				CURRENT_PROJECT_VERSION = 1;
				DEVELOPMENT_ASSET_PATHS = "\"Fructus/Preview Content\"";
				DEVELOPMENT_TEAM = QT3T249ZHN;
				ENABLE_PREVIEWS = YES;
				GENERATE_INFOPLIST_FILE = YES;
				INFOPLIST_KEY_UIApplicationSceneManifest_Generation = YES;
				INFOPLIST_KEY_UIApplicationSupportsIndirectInputEvents = YES;
				INFOPLIST_KEY_UILaunchScreen_Generation = YES;
				INFOPLIST_KEY_UISupportedInterfaceOrientations = UIInterfaceOrientationPortrait;
				INFOPLIST_KEY_UISupportedInterfaceOrientations_iPad = "UIInterfaceOrientationPortrait UIInterfaceOrientationPortraitUpsideDown";
				LD_RUNPATH_SEARCH_PATHS = (
					"$(inherited)",
					"@executable_path/Frameworks",
				);
				MARKETING_VERSION = 1.0;
				PRODUCT_BUNDLE_IDENTIFIER = volos.inc.Fructus;
				PRODUCT_NAME = "$(TARGET_NAME)";
				SUPPORTED_PLATFORMS = "iphoneos iphonesimulator";
				SUPPORTS_MACCATALYST = NO;
				SUPPORTS_MAC_DESIGNED_FOR_IPHONE_IPAD = NO;
				SUPPORTS_XR_DESIGNED_FOR_IPHONE_IPAD = NO;
				SWIFT_EMIT_LOC_STRINGS = YES;
				SWIFT_VERSION = 5.0;
				TARGETED_DEVICE_FAMILY = 1;
			};
			name = Debug;
		};
		4B849E952D06152400BABFC1 /* Release */ = {
			isa = XCBuildConfiguration;
			buildSettings = {
				ASSETCATALOG_COMPILER_APPICON_NAME = AppIcon;
				ASSETCATALOG_COMPILER_GLOBAL_ACCENT_COLOR_NAME = AccentColor;
				CODE_SIGN_STYLE = Automatic;
				CURRENT_PROJECT_VERSION = 1;
				DEVELOPMENT_ASSET_PATHS = "\"Fructus/Preview Content\"";
				DEVELOPMENT_TEAM = QT3T249ZHN;
				ENABLE_PREVIEWS = YES;
				GENERATE_INFOPLIST_FILE = YES;
				INFOPLIST_KEY_UIApplicationSceneManifest_Generation = YES;
				INFOPLIST_KEY_UIApplicationSupportsIndirectInputEvents = YES;
				INFOPLIST_KEY_UILaunchScreen_Generation = YES;
				INFOPLIST_KEY_UISupportedInterfaceOrientations = UIInterfaceOrientationPortrait;
				INFOPLIST_KEY_UISupportedInterfaceOrientations_iPad = "UIInterfaceOrientationPortrait UIInterfaceOrientationPortraitUpsideDown";
				LD_RUNPATH_SEARCH_PATHS = (
					"$(inherited)",
					"@executable_path/Frameworks",
				);
				MARKETING_VERSION = 1.0;
				PRODUCT_BUNDLE_IDENTIFIER = volos.inc.Fructus;
				PRODUCT_NAME = "$(TARGET_NAME)";
				SUPPORTED_PLATFORMS = "iphoneos iphonesimulator";
				SUPPORTS_MACCATALYST = NO;
				SUPPORTS_MAC_DESIGNED_FOR_IPHONE_IPAD = NO;
				SUPPORTS_XR_DESIGNED_FOR_IPHONE_IPAD = NO;
				SWIFT_EMIT_LOC_STRINGS = YES;
				SWIFT_VERSION = 5.0;
				TARGETED_DEVICE_FAMILY = 1;
			};
			name = Release;
		};
/* End XCBuildConfiguration section */

/* Begin XCConfigurationList section */
		4B849E802D06152200BABFC1 /* Build configuration list for PBXProject "Fructus" */ = {
			isa = XCConfigurationList;
			buildConfigurations = (
				4B849E912D06152400BABFC1 /* Debug */,
				4B849E922D06152400BABFC1 /* Release */,
			);
			defaultConfigurationIsVisible = 0;
			defaultConfigurationName = Release;
		};
		4B849E932D06152400BABFC1 /* Build configuration list for PBXNativeTarget "Fructus" */ = {
			isa = XCConfigurationList;
			buildConfigurations = (
				4B849E942D06152400BABFC1 /* Debug */,
				4B849E952D06152400BABFC1 /* Release */,
			);
			defaultConfigurationIsVisible = 0;
			defaultConfigurationName = Release;
		};
/* End XCConfigurationList section */
	};
	rootObject = 4B849E7D2D06152200BABFC1 /* Project object */;
}
